
Microsoft Visual Studio Solution File, Format Version 12.00
# Visual Studio 15
VisualStudioVersion = 15.0.27004.2008
MinimumVisualStudioVersion = 10.0.40219.1
Project("{FAE04EC0-301F-11D3-BF4B-00C04F79EFBC}") = "PhoneAttributeTester", "PhoneAttributeTester\PhoneAttributeTester.csproj", "{57088E9D-FD40-4007-9E7C-578CD13F10CD}"
EndProject
Global
	GlobalSection(SolutionConfigurationPlatforms) = preSolution
		Debug|Any CPU = Debug|Any CPU
		Release|Any CPU = Release|Any CPU
	EndGlobalSection
	GlobalSection(ProjectConfigurationPlatforms) = postSolution
		{57088E9D-FD40-4007-9E7C-578CD13F10CD}.Debug|Any CPU.ActiveCfg = Debug|Any CPU
		{57088E9D-FD40-4007-9E7C-578CD13F10CD}.Debug|Any CPU.Build.0 = Debug|Any CPU
		{57088E9D-FD40-4007-9E7C-578CD13F10CD}.Release|Any CPU.ActiveCfg = Release|Any CPU
		{57088E9D-FD40-4007-9E7C-578CD13F10CD}.Release|Any CPU.Build.0 = Release|Any CPU
	EndGlobalSection
	GlobalSection(SolutionProperties) = preSolution
		HideSolutionNode = FALSE
	EndGlobalSection
	GlobalSection(ExtensibilityGlobals) = postSolution
		SolutionGuid = {D95AC68B-5B24-432B-8D89-A09AE7D52839}
	EndGlobalSection
EndGlobal
